
Microsoft Visual Studio Solution File, Format Version 10.00
# Visual Studio 2008
Project("{FAE04EC0-301F-11D3-BF4B-00C04F79EFBC}") = "Deepak Xerox", "Deepak Xerox.csproj", "{5C8DAB58-0F76-442A-8E3A-81351A355F9D}"
EndProject
Global
	GlobalSection(SolutionConfigurationPlatforms) = preSolution
		Debug|x86 = Debug|x86
		Release|x86 = Release|x86
	EndGlobalSection
	GlobalSection(ProjectConfigurationPlatforms) = postSolution
		{5C8DAB58-0F76-442A-8E3A-81351A355F9D}.Debug|x86.ActiveCfg = Debug|x86
		{5C8DAB58-0F76-442A-8E3A-81351A355F9D}.Debug|x86.Build.0 = Debug|x86
		{5C8DAB58-0F76-442A-8E3A-81351A355F9D}.Release|x86.ActiveCfg = Release|x86
		{5C8DAB58-0F76-442A-8E3A-81351A355F9D}.Release|x86.Build.0 = Release|x86
	EndGlobalSection
	GlobalSection(SolutionProperties) = preSolution
		HideSolutionNode = FALSE
	EndGlobalSection
EndGlobal
